
Microsoft Visual Studio Solution File, Format Version 12.00
# Visual Studio Version 17
VisualStudioVersion = 17.5.002.0
MinimumVisualStudioVersion = 10.0.40219.1
Project("{9A19103F-16F7-4668-BE54-9A1E7A4F7556}") = "Task24", "Task24.csproj", "{987681D6-7187-4717-BCE1-936884C95323}"
EndProject
Global
	GlobalSection(SolutionConfigurationPlatforms) = preSolution
		Debug|Any CPU = Debug|Any CPU
		Release|Any CPU = Release|Any CPU
	EndGlobalSection
	GlobalSection(ProjectConfigurationPlatforms) = postSolution
		{987681D6-7187-4717-BCE1-936884C95323}.Debug|Any CPU.ActiveCfg = Debug|Any CPU
		{987681D6-7187-4717-BCE1-936884C95323}.Debug|Any CPU.Build.0 = Debug|Any CPU
		{987681D6-7187-4717-BCE1-936884C95323}.Release|Any CPU.ActiveCfg = Release|Any CPU
		{987681D6-7187-4717-BCE1-936884C95323}.Release|Any CPU.Build.0 = Release|Any CPU
	EndGlobalSection
	GlobalSection(SolutionProperties) = preSolution
		HideSolutionNode = FALSE
	EndGlobalSection
	GlobalSection(ExtensibilityGlobals) = postSolution
		SolutionGuid = {306B8605-B1DF-48C9-8814-8655590D5306}
	EndGlobalSection
EndGlobal
